// !$*UTF8*$!
{
	archiveVersion = 1;
	classes = {
	};
	objectVersion = 46;
	objects = {

/* Begin PBXBuildFile section */
		562AFF901D367C5A004EBB18 /* NodeView.xib in Resources */ = {isa = PBXBuildFile; fileRef = 562AFF8F1D367C5A004EBB18 /* NodeView.xib */; };
		564C5B5F1D3795F10034714B /* CGSizeOperations.swift in Sources */ = {isa = PBXBuildFile; fileRef = 564C5B5E1D3795F10034714B /* CGSizeOperations.swift */; };
		56648B271D366C0E009EEA58 /* AppDelegate.swift in Sources */ = {isa = PBXBuildFile; fileRef = 56648B261D366C0E009EEA58 /* AppDelegate.swift */; };
		56648B291D366C0E009EEA58 /* ViewController.swift in Sources */ = {isa = PBXBuildFile; fileRef = 56648B281D366C0E009EEA58 /* ViewController.swift */; };
		56648B2C1D366C0E009EEA58 /* Main.storyboard in Resources */ = {isa = PBXBuildFile; fileRef = 56648B2A1D366C0E009EEA58 /* Main.storyboard */; };
		56648B2E1D366C0E009EEA58 /* Assets.xcassets in Resources */ = {isa = PBXBuildFile; fileRef = 56648B2D1D366C0E009EEA58 /* Assets.xcassets */; };
		56648B311D366C0E009EEA58 /* LaunchScreen.storyboard in Resources */ = {isa = PBXBuildFile; fileRef = 56648B2F1D366C0E009EEA58 /* LaunchScreen.storyboard */; };
		56648B391D366CDD009EEA58 /* NodeView.swift in Sources */ = {isa = PBXBuildFile; fileRef = 56648B381D366CDD009EEA58 /* NodeView.swift */; };
		566C88581D3E4AB500A83A17 /* Node.swift in Sources */ = {isa = PBXBuildFile; fileRef = 566C88571D3E4AB500A83A17 /* Node.swift */; };
/* End PBXBuildFile section */

/* Begin PBXFileReference section */
		562AFF8F1D367C5A004EBB18 /* NodeView.xib */ = {isa = PBXFileReference; fileEncoding = 4; lastKnownFileType = file.xib; path = NodeView.xib; sourceTree = "<group>"; };
		564C5B5E1D3795F10034714B /* CGSizeOperations.swift */ = {isa = PBXFileReference; fileEncoding = 4; lastKnownFileType = sourcecode.swift; path = CGSizeOperations.swift; sourceTree = "<group>"; };
		56648B231D366C0E009EEA58 /* TreeStructure.app */ = {isa = PBXFileReference; explicitFileType = wrapper.application; includeInIndex = 0; path = TreeStructure.app; sourceTree = BUILT_PRODUCTS_DIR; };
		56648B261D366C0E009EEA58 /* AppDelegate.swift */ = {isa = PBXFileReference; lastKnownFileType = sourcecode.swift; path = AppDelegate.swift; sourceTree = "<group>"; };
		56648B281D366C0E009EEA58 /* ViewController.swift */ = {isa = PBXFileReference; lastKnownFileType = sourcecode.swift; path = ViewController.swift; sourceTree = "<group>"; };
		56648B2B1D366C0E009EEA58 /* Base */ = {isa = PBXFileReference; lastKnownFileType = file.storyboard; name = Base; path = Base.lproj/Main.storyboard; sourceTree = "<group>"; };
		56648B2D1D366C0E009EEA58 /* Assets.xcassets */ = {isa = PBXFileReference; lastKnownFileType = folder.assetcatalog; path = Assets.xcassets; sourceTree = "<group>"; };
		56648B301D366C0E009EEA58 /* Base */ = {isa = PBXFileReference; lastKnownFileType = file.storyboard; name = Base; path = Base.lproj/LaunchScreen.storyboard; sourceTree = "<group>"; };
		56648B321D366C0E009EEA58 /* Info.plist */ = {isa = PBXFileReference; lastKnownFileType = text.plist.xml; path = Info.plist; sourceTree = "<group>"; };
		56648B381D366CDD009EEA58 /* NodeView.swift */ = {isa = PBXFileReference; fileEncoding = 4; lastKnownFileType = sourcecode.swift; path = NodeView.swift; sourceTree = "<group>"; };
		566C88571D3E4AB500A83A17 /* Node.swift */ = {isa = PBXFileReference; fileEncoding = 4; lastKnownFileType = sourcecode.swift; path = Node.swift; sourceTree = "<group>"; };
/* End PBXFileReference section */

/* Begin PBXFrameworksBuildPhase section */
		56648B201D366C0E009EEA58 /* Frameworks */ = {
			isa = PBXFrameworksBuildPhase;
			buildActionMask = 2147483647;
			files = (
			);
			runOnlyForDeploymentPostprocessing = 0;
		};
/* End PBXFrameworksBuildPhase section */

/* Begin PBXGroup section */
		56648B1A1D366C0E009EEA58 = {
			isa = PBXGroup;
			children = (
				56648B251D366C0E009EEA58 /* TreeStructure */,
				56648B241D366C0E009EEA58 /* Products */,
			);
			sourceTree = "<group>";
		};
		56648B241D366C0E009EEA58 /* Products */ = {
			isa = PBXGroup;
			children = (
				56648B231D366C0E009EEA58 /* TreeStructure.app */,
			);
			name = Products;
			sourceTree = "<group>";
		};
		56648B251D366C0E009EEA58 /* TreeStructure */ = {
			isa = PBXGroup;
			children = (
				56648B261D366C0E009EEA58 /* AppDelegate.swift */,
				56648B281D366C0E009EEA58 /* ViewController.swift */,
				56648B381D366CDD009EEA58 /* NodeView.swift */,
				564C5B5E1D3795F10034714B /* CGSizeOperations.swift */,
				562AFF8F1D367C5A004EBB18 /* NodeView.xib */,
				566C88571D3E4AB500A83A17 /* Node.swift */,
				56648B2A1D366C0E009EEA58 /* Main.storyboard */,
				56648B2D1D366C0E009EEA58 /* Assets.xcassets */,
				56648B2F1D366C0E009EEA58 /* LaunchScreen.storyboard */,
				56648B321D366C0E009EEA58 /* Info.plist */,
			);
			path = TreeStructure;
			sourceTree = "<group>";
		};
/* End PBXGroup section */

/* Begin PBXNativeTarget section */
		56648B221D366C0E009EEA58 /* TreeStructure */ = {
			isa = PBXNativeTarget;
			buildConfigurationList = 56648B351D366C0E009EEA58 /* Build configuration list for PBXNativeTarget "TreeStructure" */;
			buildPhases = (
				56648B1F1D366C0E009EEA58 /* Sources */,
				56648B201D366C0E009EEA58 /* Frameworks */,
				56648B211D366C0E009EEA58 /* Resources */,
			);
			buildRules = (
			);
			dependencies = (
			);
			name = TreeStructure;
			productName = TreeStructure;
			productReference = 56648B231D366C0E009EEA58 /* TreeStructure.app */;
			productType = "com.apple.product-type.application";
		};
/* End PBXNativeTarget section */

/* Begin PBXProject section */
		56648B1B1D366C0E009EEA58 /* Project object */ = {
			isa = PBXProject;
			attributes = {
				LastSwiftUpdateCheck = 0730;
				LastUpgradeCheck = 0730;
				ORGANIZATIONNAME = "Code d'Azur";
				TargetAttributes = {
					56648B221D366C0E009EEA58 = {
						CreatedOnToolsVersion = 7.3.1;
					};
				};
			};
			buildConfigurationList = 56648B1E1D366C0E009EEA58 /* Build configuration list for PBXProject "TreeStructure" */;
			compatibilityVersion = "Xcode 3.2";
			developmentRegion = English;
			hasScannedForEncodings = 0;
			knownRegions = (
				en,
				Base,
			);
			mainGroup = 56648B1A1D366C0E009EEA58;
			productRefGroup = 56648B241D366C0E009EEA58 /* Products */;
			projectDirPath = "";
			projectRoot = "";
			targets = (
				56648B221D366C0E009EEA58 /* TreeStructure */,
			);
		};
/* End PBXProject section */

/* Begin PBXResourcesBuildPhase section */
		56648B211D366C0E009EEA58 /* Resources */ = {
			isa = PBXResourcesBuildPhase;
			buildActionMask = 2147483647;
			files = (
				56648B311D366C0E009EEA58 /* LaunchScreen.storyboard in Resources */,
				56648B2E1D366C0E009EEA58 /* Assets.xcassets in Resources */,
				562AFF901D367C5A004EBB18 /* NodeView.xib in Resources */,
				56648B2C1D366C0E009EEA58 /* Main.storyboard in Resources */,
			);
			runOnlyForDeploymentPostprocessing = 0;
		};
/* End PBXResourcesBuildPhase section */

/* Begin PBXSourcesBuildPhase section */
		56648B1F1D366C0E009EEA58 /* Sources */ = {
			isa = PBXSourcesBuildPhase;
			buildActionMask = 2147483647;
			files = (
				56648B391D366CDD009EEA58 /* NodeView.swift in Sources */,
				566C88581D3E4AB500A83A17 /* Node.swift in Sources */,
				564C5B5F1D3795F10034714B /* CGSizeOperations.swift in Sources */,
				56648B291D366C0E009EEA58 /* ViewController.swift in Sources */,
				56648B271D366C0E009EEA58 /* AppDelegate.swift in Sources */,
			);
			runOnlyForDeploymentPostprocessing = 0;
		};
/* End PBXSourcesBuildPhase section */

/* Begin PBXVariantGroup section */
		56648B2A1D366C0E009EEA58 /* Main.storyboard */ = {
			isa = PBXVariantGroup;
			children = (
				56648B2B1D366C0E009EEA58 /* Base */,
			);
			name = Main.storyboard;
			sourceTree = "<group>";
		};
		56648B2F1D366C0E009EEA58 /* LaunchScreen.storyboard */ = {
			isa = PBXVariantGroup;
			children = (
				56648B301D366C0E009EEA58 /* Base */,
			);
			name = LaunchScreen.storyboard;
			sourceTree = "<group>";
		};
/* End PBXVariantGroup section */

/* Begin XCBuildConfiguration section */
		56648B331D366C0E009EEA58 /* Debug */ = {
			isa = XCBuildConfiguration;
			buildSettings = {
				ALWAYS_SEARCH_USER_PATHS = NO;
				CLANG_ANALYZER_NONNULL = YES;
				CLANG_CXX_LANGUAGE_STANDARD = "gnu++0x";
				CLANG_CXX_LIBRARY = "libc++";
				CLANG_ENABLE_MODULES = YES;
				CLANG_ENABLE_OBJC_ARC = YES;
				CLANG_WARN_BOOL_CONVERSION = YES;
				CLANG_WARN_CONSTANT_CONVERSION = YES;
				CLANG_WARN_DIRECT_OBJC_ISA_USAGE = YES_ERROR;
				CLANG_WARN_EMPTY_BODY = YES;
				CLANG_WARN_ENUM_CONVERSION = YES;
				CLANG_WARN_INT_CONVERSION = YES;
				CLANG_WARN_OBJC_ROOT_CLASS = YES_ERROR;
				CLANG_WARN_UNREACHABLE_CODE = YES;
				CLANG_WARN__DUPLICATE_METHOD_MATCH = YES;
				"CODE_SIGN_IDENTITY[sdk=iphoneos*]" = "iPhone Developer";
				COPY_PHASE_STRIP = NO;
				DEBUG_INFORMATION_FORMAT = dwarf;
				ENABLE_STRICT_OBJC_MSGSEND = YES;
				ENABLE_TESTABILITY = YES;
				GCC_C_LANGUAGE_STANDARD = gnu99;
				GCC_DYNAMIC_NO_PIC = NO;
				GCC_NO_COMMON_BLOCKS = YES;
				GCC_OPTIMIZATION_LEVEL = 0;
				GCC_PREPROCESSOR_DEFINITIONS = (
					"DEBUG=1",
					"$(inherited)",
				);
				GCC_WARN_64_TO_32_BIT_CONVERSION = YES;
				GCC_WARN_ABOUT_RETURN_TYPE = YES_ERROR;
				GCC_WARN_UNDECLARED_SELECTOR = YES;
				GCC_WARN_UNINITIALIZED_AUTOS = YES_AGGRESSIVE;
				GCC_WARN_UNUSED_FUNCTION = YES;
				GCC_WARN_UNUSED_VARIABLE = YES;
				IPHONEOS_DEPLOYMENT_TARGET = 9.3;
				MTL_ENABLE_DEBUG_INFO = YES;
				ONLY_ACTIVE_ARCH = YES;
				SDKROOT = iphoneos;
				SWIFT_OPTIMIZATION_LEVEL = "-Onone";
			};
			name = Debug;
		};
		56648B341D366C0E009EEA58 /* Release */ = {
			isa = XCBuildConfiguration;
			buildSettings = {
				ALWAYS_SEARCH_USER_PATHS = NO;
				CLANG_ANALYZER_NONNULL = YES;
				CLANG_CXX_LANGUAGE_STANDARD = "gnu++0x";
				CLANG_CXX_LIBRARY = "libc++";
				CLANG_ENABLE_MODULES = YES;
				CLANG_ENABLE_OBJC_ARC = YES;
				CLANG_WARN_BOOL_CONVERSION = YES;
				CLANG_WARN_CONSTANT_CONVERSION = YES;
				CLANG_WARN_DIRECT_OBJC_ISA_USAGE = YES_ERROR;
				CLANG_WARN_EMPTY_BODY = YES;
				CLANG_WARN_ENUM_CONVERSION = YES;
				CLANG_WARN_INT_CONVERSION = YES;
				CLANG_WARN_OBJC_ROOT_CLASS = YES_ERROR;
				CLANG_WARN_UNREACHABLE_CODE = YES;
				CLANG_WARN__DUPLICATE_METHOD_MATCH = YES;
				"CODE_SIGN_IDENTITY[sdk=iphoneos*]" = "iPhone Developer";
				COPY_PHASE_STRIP = NO;
				DEBUG_INFORMATION_FORMAT = "dwarf-with-dsym";
				ENABLE_NS_ASSERTIONS = NO;
				ENABLE_STRICT_OBJC_MSGSEND = YES;
				GCC_C_LANGUAGE_STANDARD = gnu99;
				GCC_NO_COMMON_BLOCKS = YES;
				GCC_WARN_64_TO_32_BIT_CONVERSION = YES;
				GCC_WARN_ABOUT_RETURN_TYPE = YES_ERROR;
				GCC_WARN_UNDECLARED_SELECTOR = YES;
				GCC_WARN_UNINITIALIZED_AUTOS = YES_AGGRESSIVE;
				GCC_WARN_UNUSED_FUNCTION = YES;
				GCC_WARN_UNUSED_VARIABLE = YES;
				IPHONEOS_DEPLOYMENT_TARGET = 9.3;
				MTL_ENABLE_DEBUG_INFO = NO;
				SDKROOT = iphoneos;
				VALIDATE_PRODUCT = YES;
			};
			name = Release;
		};
		56648B361D366C0E009EEA58 /* Debug */ = {
			isa = XCBuildConfiguration;
			buildSettings = {
				ASSETCATALOG_COMPILER_APPICON_NAME = AppIcon;
				"CODE_SIGN_IDENTITY[sdk=iphoneos*]" = "";
				INFOPLIST_FILE = TreeStructure/Info.plist;
				LD_RUNPATH_SEARCH_PATHS = "$(inherited) @executable_path/Frameworks";
				PRODUCT_BUNDLE_IDENTIFIER = es.crisisgriega.TreeStructure;
				PRODUCT_NAME = "$(TARGET_NAME)";
				TARGETED_DEVICE_FAMILY = 2;
			};
			name = Debug;
		};
		56648B371D366C0E009EEA58 /* Release */ = {
			isa = XCBuildConfiguration;
			buildSettings = {
				ASSETCATALOG_COMPILER_APPICON_NAME = AppIcon;
				INFOPLIST_FILE = TreeStructure/Info.plist;
				LD_RUNPATH_SEARCH_PATHS = "$(inherited) @executable_path/Frameworks";
				PRODUCT_BUNDLE_IDENTIFIER = es.crisisgriega.TreeStructure;
				PRODUCT_NAME = "$(TARGET_NAME)";
				TARGETED_DEVICE_FAMILY = 2;
			};
			name = Release;
		};
/* End XCBuildConfiguration section */

/* Begin XCConfigurationList section */
		56648B1E1D366C0E009EEA58 /* Build configuration list for PBXProject "TreeStructure" */ = {
			isa = XCConfigurationList;
			buildConfigurations = (
				56648B331D366C0E009EEA58 /* Debug */,
				56648B341D366C0E009EEA58 /* Release */,
			);
			defaultConfigurationIsVisible = 0;
			defaultConfigurationName = Release;
		};
		56648B351D366C0E009EEA58 /* Build configuration list for PBXNativeTarget "TreeStructure" */ = {
			isa = XCConfigurationList;
			buildConfigurations = (
				56648B361D366C0E009EEA58 /* Debug */,
				56648B371D366C0E009EEA58 /* Release */,
			);
			defaultConfigurationIsVisible = 0;
			defaultConfigurationName = Release;
		};
/* End XCConfigurationList section */
	};
	rootObject = 56648B1B1D366C0E009EEA58 /* Project object */;
}
